{
  "object": {
    "pins": [
      {
        "package": "IndexStoreDB",
        "repositoryURL": "https://github.com/apple/indexstore-db.git",
        "state": {
          "branch": "master",
          "revision": "e6ab3d19844cafd3dc8f0dd46361d38c1e9093ee",
          "version": null
        }
      },
      {
        "package": "llbuild",
        "repositoryURL": "https://github.com/apple/swift-llbuild.git",
        "state": {
          "branch": "master",
          "revision": "8efd8b7b1a14c8a71c965e0a9f2bed53cb5b141d",
          "version": null
        }
      },
      {
        "package": "SwiftPM",
        "repositoryURL": "https://github.com/apple/swift-package-manager.git",
        "state": {
          "branch": "master",
          "revision": "a3d2d24101d2c24e9b3ccb13d57132c776776a57",
          "version": null
        }
      }
    ]
  },
  "version": 1
}
