{
  "object": {
    "pins": [
      {
        "package": "IndexStoreDB",
        "repositoryURL": "https://github.com/apple/indexstore-db.git",
        "state": {
          "branch": "master",
          "revision": "bbe9a1ccc6d575260075fba247bf4b25729d7953",
          "version": null
        }
      },
      {
        "package": "llbuild",
        "repositoryURL": "https://github.com/apple/swift-llbuild.git",
        "state": {
          "branch": "master",
          "revision": "06a25536b8d7f6b43f93139dea15dd8f7873b8d9",
          "version": null
        }
      },
      {
        "package": "SwiftPM",
        "repositoryURL": "https://github.com/apple/swift-package-manager.git",
        "state": {
          "branch": "master",
          "revision": "d8821ba5eff37b77839c1f74769a798d775a1e8a",
          "version": null
        }
      }
    ]
  },
  "version": 1
}
