{
  "object": {
    "pins": [
      {
        "package": "IndexStoreDB",
        "repositoryURL": "https://github.com/apple/indexstore-db.git",
        "state": {
          "branch": "master",
          "revision": "bbe9a1ccc6d575260075fba247bf4b25729d7953",
          "version": null
        }
      },
      {
        "package": "llbuild",
        "repositoryURL": "https://github.com/apple/swift-llbuild.git",
        "state": {
          "branch": "master",
          "revision": "4e25396f00759d3d781d888ac6b9a0118b5dbe44",
          "version": null
        }
      },
      {
        "package": "SwiftPM",
        "repositoryURL": "https://github.com/apple/swift-package-manager.git",
        "state": {
          "branch": "master",
          "revision": "9b6be668d93829f9ef0727ad2d2490e56487fedc",
          "version": null
        }
      }
    ]
  },
  "version": 1
}
